
Microsoft Visual Studio Solution File, Format Version 12.00
# Visual Studio Version 16
VisualStudioVersion = 16.0.29318.209
MinimumVisualStudioVersion = 10.0.40219.1
Project("{FAE04EC0-301F-11D3-BF4B-00C04F79EFBC}") = "CardGame", "CardGame\CardGame.csproj", "{3E1BEA5A-B851-40E6-BE8D-1359392AC309}"
EndProject
Global
	GlobalSection(SolutionConfigurationPlatforms) = preSolution
		Debug|Any CPU = Debug|Any CPU
		Release|Any CPU = Release|Any CPU
	EndGlobalSection
	GlobalSection(ProjectConfigurationPlatforms) = postSolution
		{3E1BEA5A-B851-40E6-BE8D-1359392AC309}.Debug|Any CPU.ActiveCfg = Debug|Any CPU
		{3E1BEA5A-B851-40E6-BE8D-1359392AC309}.Debug|Any CPU.Build.0 = Debug|Any CPU
		{3E1BEA5A-B851-40E6-BE8D-1359392AC309}.Release|Any CPU.ActiveCfg = Release|Any CPU
		{3E1BEA5A-B851-40E6-BE8D-1359392AC309}.Release|Any CPU.Build.0 = Release|Any CPU
	EndGlobalSection
	GlobalSection(SolutionProperties) = preSolution
		HideSolutionNode = FALSE
	EndGlobalSection
	GlobalSection(ExtensibilityGlobals) = postSolution
		SolutionGuid = {ED124A88-EEEB-4295-B763-BA99F0F50A49}
	EndGlobalSection
EndGlobal
